<?xml version="1.0" encoding="utf-8"?>
<Project ToolsVersion="4.0" xmlns="http://schemas.microsoft.com/developer/msbuild/2003">
  <ItemGroup>
    <Filter Include="include">
      <UniqueIdentifier>{e8da1856-add6-46a1-afc1-a6638bc49200}</UniqueIdentifier>
    </Filter>
    <Filter Include="Core">
      <UniqueIdentifier>{00e346e8-f9c5-4eba-9c70-bf123fd3df0c}</UniqueIdentifier>
    </Filter>
    <Filter Include="Core\Utils">
      <UniqueIdentifier>{87d88e7c-1cf8-43bc-ac8e-5db8a134671f}</UniqueIdentifier>
    </Filter>
  </ItemGroup>
  <ItemGroup>
    <ClInclude Include="include\AVSAlgorithm.h">
      <Filter>include</Filter>
    </ClInclude>
    <ClInclude Include="Core\Algorithm.h">
      <Filter>Core</Filter>
    </ClInclude>
    <ClInclude Include="Core\AlgorithmPool.h">
      <Filter>Core</Filter>
    </ClInclude>
    <ClInclude Include="Core\AlgorithmWithApi.h">
      <Filter>Core</Filter>
    </ClInclude>
    <ClInclude Include="Core\AlgorithmWithPy.h">
      <Filter>Core</Filter>
    </ClInclude>
    <ClInclude Include="Core\Utils\Base64.h">
      <Filter>Core\Utils</Filter>
    </ClInclude>
    <ClInclude Include="Core\Utils\Common.h">
      <Filter>Core\Utils</Filter>
    </ClInclude>
    <ClInclude Include="Core\Utils\Version.h">
      <Filter>Core\Utils</Filter>
    </ClInclude>
    <ClInclude Include="Core\Utils\Request.h">
      <Filter>Core\Utils</Filter>
    </ClInclude>
    <ClInclude Include="Core\Utils\Log.h">
      <Filter>Core\Utils</Filter>
    </ClInclude>
  </ItemGroup>
  <ItemGroup>
    <ClCompile Include="Core\Algorithm.cpp">
      <Filter>Core</Filter>
    </ClCompile>
    <ClCompile Include="Core\AlgorithmPool.cpp">
      <Filter>Core</Filter>
    </ClCompile>
    <ClCompile Include="Core\AlgorithmWithApi.cpp">
      <Filter>Core</Filter>
    </ClCompile>
    <ClCompile Include="Core\AlgorithmWithPy.cpp">
      <Filter>Core</Filter>
    </ClCompile>
    <ClCompile Include="Core\AVSAlgorithm.cpp">
      <Filter>Core</Filter>
    </ClCompile>
    <ClCompile Include="Core\Utils\Request.cpp">
      <Filter>Core\Utils</Filter>
    </ClCompile>
  </ItemGroup>
</Project>